
Microsoft Visual Studio Solution File, Format Version 12.00
# Visual Studio Version 16
VisualStudioVersion = 16.0.30011.22
MinimumVisualStudioVersion = 10.0.40219.1
Project("{FAE04EC0-301F-11D3-BF4B-00C04F79EFBC}") = "NStrip", "NStrip\NStrip.csproj", "{CE5BFF3E-2350-46AE-A54E-0631D89565F4}"
EndProject
Global
	GlobalSection(SolutionConfigurationPlatforms) = preSolution
		Debug|Any CPU = Debug|Any CPU
		Release|Any CPU = Release|Any CPU
	EndGlobalSection
	GlobalSection(ProjectConfigurationPlatforms) = postSolution
		{CE5BFF3E-2350-46AE-A54E-0631D89565F4}.Debug|Any CPU.ActiveCfg = Debug|Any CPU
		{CE5BFF3E-2350-46AE-A54E-0631D89565F4}.Debug|Any CPU.Build.0 = Debug|Any CPU
		{CE5BFF3E-2350-46AE-A54E-0631D89565F4}.Release|Any CPU.ActiveCfg = Release|Any CPU
		{CE5BFF3E-2350-46AE-A54E-0631D89565F4}.Release|Any CPU.Build.0 = Release|Any CPU
	EndGlobalSection
	GlobalSection(SolutionProperties) = preSolution
		HideSolutionNode = FALSE
	EndGlobalSection
	GlobalSection(ExtensibilityGlobals) = postSolution
		SolutionGuid = {505788DE-B387-43E7-90DB-98E6903B88EE}
	EndGlobalSection
EndGlobal
